// !$*UTF8*$!
{
	archiveVersion = 1;
	classes = {
	};
	objectVersion = 50;
	objects = {

/* Begin PBXBuildFile section */
		F1343DBA24BEFA9E008F4E69 /* main.m in Sources */ = {isa = PBXBuildFile; fileRef = F1343DB924BEFA9E008F4E69 /* main.m */; };
		F1343DC324BEFE69008F4E69 /* AlphabetValidator.m in Sources */ = {isa = PBXBuildFile; fileRef = F1343DC224BEFE69008F4E69 /* AlphabetValidator.m */; };
		F1343DC724BF3566008F4E69 /* SolutionsFacade.m in Sources */ = {isa = PBXBuildFile; fileRef = F1343DC624BF3566008F4E69 /* SolutionsFacade.m */; };
		F1343DCA24BF379E008F4E69 /* Calculations.m in Sources */ = {isa = PBXBuildFile; fileRef = F1343DC924BF379E008F4E69 /* Calculations.m */; };
/* End PBXBuildFile section */

/* Begin PBXCopyFilesBuildPhase section */
		F1343DB424BEFA9E008F4E69 /* CopyFiles */ = {
			isa = PBXCopyFilesBuildPhase;
			buildActionMask = 2147483647;
			dstPath = /usr/share/man/man1/;
			dstSubfolderSpec = 0;
			files = (
			);
			runOnlyForDeploymentPostprocessing = 1;
		};
/* End PBXCopyFilesBuildPhase section */

/* Begin PBXFileReference section */
		F1343DB624BEFA9E008F4E69 /* ObjcLesson2 */ = {isa = PBXFileReference; explicitFileType = "compiled.mach-o.executable"; includeInIndex = 0; path = ObjcLesson2; sourceTree = BUILT_PRODUCTS_DIR; };
		F1343DB924BEFA9E008F4E69 /* main.m */ = {isa = PBXFileReference; lastKnownFileType = sourcecode.c.objc; path = main.m; sourceTree = "<group>"; };
		F1343DC124BEFE69008F4E69 /* AlphabetValidator.h */ = {isa = PBXFileReference; lastKnownFileType = sourcecode.c.h; path = AlphabetValidator.h; sourceTree = "<group>"; };
		F1343DC224BEFE69008F4E69 /* AlphabetValidator.m */ = {isa = PBXFileReference; lastKnownFileType = sourcecode.c.objc; path = AlphabetValidator.m; sourceTree = "<group>"; };
		F1343DC524BF3566008F4E69 /* SolutionsFacade.h */ = {isa = PBXFileReference; lastKnownFileType = sourcecode.c.h; path = SolutionsFacade.h; sourceTree = "<group>"; };
		F1343DC624BF3566008F4E69 /* SolutionsFacade.m */ = {isa = PBXFileReference; lastKnownFileType = sourcecode.c.objc; path = SolutionsFacade.m; sourceTree = "<group>"; };
		F1343DC824BF379E008F4E69 /* Calculations.h */ = {isa = PBXFileReference; lastKnownFileType = sourcecode.c.h; path = Calculations.h; sourceTree = "<group>"; };
		F1343DC924BF379E008F4E69 /* Calculations.m */ = {isa = PBXFileReference; lastKnownFileType = sourcecode.c.objc; path = Calculations.m; sourceTree = "<group>"; };
/* End PBXFileReference section */

/* Begin PBXFrameworksBuildPhase section */
		F1343DB324BEFA9E008F4E69 /* Frameworks */ = {
			isa = PBXFrameworksBuildPhase;
			buildActionMask = 2147483647;
			files = (
			);
			runOnlyForDeploymentPostprocessing = 0;
		};
/* End PBXFrameworksBuildPhase section */

/* Begin PBXGroup section */
		F1343DAD24BEFA9D008F4E69 = {
			isa = PBXGroup;
			children = (
				F1343DB824BEFA9E008F4E69 /* ObjcLesson2 */,
				F1343DB724BEFA9E008F4E69 /* Products */,
			);
			sourceTree = "<group>";
		};
		F1343DB724BEFA9E008F4E69 /* Products */ = {
			isa = PBXGroup;
			children = (
				F1343DB624BEFA9E008F4E69 /* ObjcLesson2 */,
			);
			name = Products;
			sourceTree = "<group>";
		};
		F1343DB824BEFA9E008F4E69 /* ObjcLesson2 */ = {
			isa = PBXGroup;
			children = (
				F1343DB924BEFA9E008F4E69 /* main.m */,
				F1343DC524BF3566008F4E69 /* SolutionsFacade.h */,
				F1343DC624BF3566008F4E69 /* SolutionsFacade.m */,
				F1343DC024BEFE54008F4E69 /* Task1 */,
				F1343DC424BF3509008F4E69 /* Task2 */,
			);
			path = ObjcLesson2;
			sourceTree = "<group>";
		};
		F1343DC024BEFE54008F4E69 /* Task1 */ = {
			isa = PBXGroup;
			children = (
				F1343DC124BEFE69008F4E69 /* AlphabetValidator.h */,
				F1343DC224BEFE69008F4E69 /* AlphabetValidator.m */,
			);
			path = Task1;
			sourceTree = "<group>";
		};
		F1343DC424BF3509008F4E69 /* Task2 */ = {
			isa = PBXGroup;
			children = (
				F1343DC824BF379E008F4E69 /* Calculations.h */,
				F1343DC924BF379E008F4E69 /* Calculations.m */,
			);
			path = Task2;
			sourceTree = "<group>";
		};
/* End PBXGroup section */

/* Begin PBXNativeTarget section */
		F1343DB524BEFA9E008F4E69 /* ObjcLesson2 */ = {
			isa = PBXNativeTarget;
			buildConfigurationList = F1343DBD24BEFA9E008F4E69 /* Build configuration list for PBXNativeTarget "ObjcLesson2" */;
			buildPhases = (
				F1343DB224BEFA9E008F4E69 /* Sources */,
				F1343DB324BEFA9E008F4E69 /* Frameworks */,
				F1343DB424BEFA9E008F4E69 /* CopyFiles */,
			);
			buildRules = (
			);
			dependencies = (
			);
			name = ObjcLesson2;
			productName = ObjcLesson2;
			productReference = F1343DB624BEFA9E008F4E69 /* ObjcLesson2 */;
			productType = "com.apple.product-type.tool";
		};
/* End PBXNativeTarget section */

/* Begin PBXProject section */
		F1343DAE24BEFA9D008F4E69 /* Project object */ = {
			isa = PBXProject;
			attributes = {
				LastUpgradeCheck = 1150;
				ORGANIZATIONNAME = "Кирилл Худяков";
				TargetAttributes = {
					F1343DB524BEFA9E008F4E69 = {
						CreatedOnToolsVersion = 11.5;
					};
				};
			};
			buildConfigurationList = F1343DB124BEFA9D008F4E69 /* Build configuration list for PBXProject "ObjcLesson2" */;
			compatibilityVersion = "Xcode 9.3";
			developmentRegion = en;
			hasScannedForEncodings = 0;
			knownRegions = (
				en,
				Base,
			);
			mainGroup = F1343DAD24BEFA9D008F4E69;
			productRefGroup = F1343DB724BEFA9E008F4E69 /* Products */;
			projectDirPath = "";
			projectRoot = "";
			targets = (
				F1343DB524BEFA9E008F4E69 /* ObjcLesson2 */,
			);
		};
/* End PBXProject section */

/* Begin PBXSourcesBuildPhase section */
		F1343DB224BEFA9E008F4E69 /* Sources */ = {
			isa = PBXSourcesBuildPhase;
			buildActionMask = 2147483647;
			files = (
				F1343DC724BF3566008F4E69 /* SolutionsFacade.m in Sources */,
				F1343DBA24BEFA9E008F4E69 /* main.m in Sources */,
				F1343DC324BEFE69008F4E69 /* AlphabetValidator.m in Sources */,
				F1343DCA24BF379E008F4E69 /* Calculations.m in Sources */,
			);
			runOnlyForDeploymentPostprocessing = 0;
		};
/* End PBXSourcesBuildPhase section */

/* Begin XCBuildConfiguration section */
		F1343DBB24BEFA9E008F4E69 /* Debug */ = {
			isa = XCBuildConfiguration;
			buildSettings = {
				ALWAYS_SEARCH_USER_PATHS = NO;
				CLANG_ANALYZER_NONNULL = YES;
				CLANG_ANALYZER_NUMBER_OBJECT_CONVERSION = YES_AGGRESSIVE;
				CLANG_CXX_LANGUAGE_STANDARD = "gnu++14";
				CLANG_CXX_LIBRARY = "libc++";
				CLANG_ENABLE_MODULES = YES;
				CLANG_ENABLE_OBJC_ARC = YES;
				CLANG_ENABLE_OBJC_WEAK = YES;
				CLANG_WARN_BLOCK_CAPTURE_AUTORELEASING = YES;
				CLANG_WARN_BOOL_CONVERSION = YES;
				CLANG_WARN_COMMA = YES;
				CLANG_WARN_CONSTANT_CONVERSION = YES;
				CLANG_WARN_DEPRECATED_OBJC_IMPLEMENTATIONS = YES;
				CLANG_WARN_DIRECT_OBJC_ISA_USAGE = YES_ERROR;
				CLANG_WARN_DOCUMENTATION_COMMENTS = YES;
				CLANG_WARN_EMPTY_BODY = YES;
				CLANG_WARN_ENUM_CONVERSION = YES;
				CLANG_WARN_INFINITE_RECURSION = YES;
				CLANG_WARN_INT_CONVERSION = YES;
				CLANG_WARN_NON_LITERAL_NULL_CONVERSION = YES;
				CLANG_WARN_OBJC_IMPLICIT_RETAIN_SELF = YES;
				CLANG_WARN_OBJC_LITERAL_CONVERSION = YES;
				CLANG_WARN_OBJC_ROOT_CLASS = YES_ERROR;
				CLANG_WARN_RANGE_LOOP_ANALYSIS = YES;
				CLANG_WARN_STRICT_PROTOTYPES = YES;
				CLANG_WARN_SUSPICIOUS_MOVE = YES;
				CLANG_WARN_UNGUARDED_AVAILABILITY = YES_AGGRESSIVE;
				CLANG_WARN_UNREACHABLE_CODE = YES;
				CLANG_WARN__DUPLICATE_METHOD_MATCH = YES;
				COPY_PHASE_STRIP = NO;
				DEBUG_INFORMATION_FORMAT = dwarf;
				ENABLE_STRICT_OBJC_MSGSEND = YES;
				ENABLE_TESTABILITY = YES;
				GCC_C_LANGUAGE_STANDARD = gnu11;
				GCC_DYNAMIC_NO_PIC = NO;
				GCC_NO_COMMON_BLOCKS = YES;
				GCC_OPTIMIZATION_LEVEL = 0;
				GCC_PREPROCESSOR_DEFINITIONS = (
					"DEBUG=1",
					"$(inherited)",
				);
				GCC_WARN_64_TO_32_BIT_CONVERSION = YES;
				GCC_WARN_ABOUT_RETURN_TYPE = YES_ERROR;
				GCC_WARN_UNDECLARED_SELECTOR = YES;
				GCC_WARN_UNINITIALIZED_AUTOS = YES_AGGRESSIVE;
				GCC_WARN_UNUSED_FUNCTION = YES;
				GCC_WARN_UNUSED_VARIABLE = YES;
				MACOSX_DEPLOYMENT_TARGET = 10.15;
				MTL_ENABLE_DEBUG_INFO = INCLUDE_SOURCE;
				MTL_FAST_MATH = YES;
				ONLY_ACTIVE_ARCH = YES;
				SDKROOT = macosx;
			};
			name = Debug;
		};
		F1343DBC24BEFA9E008F4E69 /* Release */ = {
			isa = XCBuildConfiguration;
			buildSettings = {
				ALWAYS_SEARCH_USER_PATHS = NO;
				CLANG_ANALYZER_NONNULL = YES;
				CLANG_ANALYZER_NUMBER_OBJECT_CONVERSION = YES_AGGRESSIVE;
				CLANG_CXX_LANGUAGE_STANDARD = "gnu++14";
				CLANG_CXX_LIBRARY = "libc++";
				CLANG_ENABLE_MODULES = YES;
				CLANG_ENABLE_OBJC_ARC = YES;
				CLANG_ENABLE_OBJC_WEAK = YES;
				CLANG_WARN_BLOCK_CAPTURE_AUTORELEASING = YES;
				CLANG_WARN_BOOL_CONVERSION = YES;
				CLANG_WARN_COMMA = YES;
				CLANG_WARN_CONSTANT_CONVERSION = YES;
				CLANG_WARN_DEPRECATED_OBJC_IMPLEMENTATIONS = YES;
				CLANG_WARN_DIRECT_OBJC_ISA_USAGE = YES_ERROR;
				CLANG_WARN_DOCUMENTATION_COMMENTS = YES;
				CLANG_WARN_EMPTY_BODY = YES;
				CLANG_WARN_ENUM_CONVERSION = YES;
				CLANG_WARN_INFINITE_RECURSION = YES;
				CLANG_WARN_INT_CONVERSION = YES;
				CLANG_WARN_NON_LITERAL_NULL_CONVERSION = YES;
				CLANG_WARN_OBJC_IMPLICIT_RETAIN_SELF = YES;
				CLANG_WARN_OBJC_LITERAL_CONVERSION = YES;
				CLANG_WARN_OBJC_ROOT_CLASS = YES_ERROR;
				CLANG_WARN_RANGE_LOOP_ANALYSIS = YES;
				CLANG_WARN_STRICT_PROTOTYPES = YES;
				CLANG_WARN_SUSPICIOUS_MOVE = YES;
				CLANG_WARN_UNGUARDED_AVAILABILITY = YES_AGGRESSIVE;
				CLANG_WARN_UNREACHABLE_CODE = YES;
				CLANG_WARN__DUPLICATE_METHOD_MATCH = YES;
				COPY_PHASE_STRIP = NO;
				DEBUG_INFORMATION_FORMAT = "dwarf-with-dsym";
				ENABLE_NS_ASSERTIONS = NO;
				ENABLE_STRICT_OBJC_MSGSEND = YES;
				GCC_C_LANGUAGE_STANDARD = gnu11;
				GCC_NO_COMMON_BLOCKS = YES;
				GCC_WARN_64_TO_32_BIT_CONVERSION = YES;
				GCC_WARN_ABOUT_RETURN_TYPE = YES_ERROR;
				GCC_WARN_UNDECLARED_SELECTOR = YES;
				GCC_WARN_UNINITIALIZED_AUTOS = YES_AGGRESSIVE;
				GCC_WARN_UNUSED_FUNCTION = YES;
				GCC_WARN_UNUSED_VARIABLE = YES;
				MACOSX_DEPLOYMENT_TARGET = 10.15;
				MTL_ENABLE_DEBUG_INFO = NO;
				MTL_FAST_MATH = YES;
				SDKROOT = macosx;
			};
			name = Release;
		};
		F1343DBE24BEFA9E008F4E69 /* Debug */ = {
			isa = XCBuildConfiguration;
			buildSettings = {
				CODE_SIGN_STYLE = Automatic;
				DEVELOPMENT_TEAM = RF42FG352F;
				ENABLE_HARDENED_RUNTIME = YES;
				PRODUCT_NAME = "$(TARGET_NAME)";
			};
			name = Debug;
		};
		F1343DBF24BEFA9E008F4E69 /* Release */ = {
			isa = XCBuildConfiguration;
			buildSettings = {
				CODE_SIGN_STYLE = Automatic;
				DEVELOPMENT_TEAM = RF42FG352F;
				ENABLE_HARDENED_RUNTIME = YES;
				PRODUCT_NAME = "$(TARGET_NAME)";
			};
			name = Release;
		};
/* End XCBuildConfiguration section */

/* Begin XCConfigurationList section */
		F1343DB124BEFA9D008F4E69 /* Build configuration list for PBXProject "ObjcLesson2" */ = {
			isa = XCConfigurationList;
			buildConfigurations = (
				F1343DBB24BEFA9E008F4E69 /* Debug */,
				F1343DBC24BEFA9E008F4E69 /* Release */,
			);
			defaultConfigurationIsVisible = 0;
			defaultConfigurationName = Release;
		};
		F1343DBD24BEFA9E008F4E69 /* Build configuration list for PBXNativeTarget "ObjcLesson2" */ = {
			isa = XCConfigurationList;
			buildConfigurations = (
				F1343DBE24BEFA9E008F4E69 /* Debug */,
				F1343DBF24BEFA9E008F4E69 /* Release */,
			);
			defaultConfigurationIsVisible = 0;
			defaultConfigurationName = Release;
		};
/* End XCConfigurationList section */
	};
	rootObject = F1343DAE24BEFA9D008F4E69 /* Project object */;
}
